
Microsoft Visual Studio Solution File, Format Version 12.00
# Visual Studio 15
VisualStudioVersion = 15.0.27130.2036
MinimumVisualStudioVersion = 10.0.40219.1
Project("{FAE04EC0-301F-11D3-BF4B-00C04F79EFBC}") = "ColoArk", "ColoArk\ColoArk.csproj", "{945238FE-E933-42D3-A874-9C1E98616B8D}"
EndProject
Global
	GlobalSection(SolutionConfigurationPlatforms) = preSolution
		Debug|Any CPU = Debug|Any CPU
		Release|Any CPU = Release|Any CPU
	EndGlobalSection
	GlobalSection(ProjectConfigurationPlatforms) = postSolution
		{945238FE-E933-42D3-A874-9C1E98616B8D}.Debug|Any CPU.ActiveCfg = Debug|Any CPU
		{945238FE-E933-42D3-A874-9C1E98616B8D}.Debug|Any CPU.Build.0 = Debug|Any CPU
		{945238FE-E933-42D3-A874-9C1E98616B8D}.Release|Any CPU.ActiveCfg = Release|Any CPU
		{945238FE-E933-42D3-A874-9C1E98616B8D}.Release|Any CPU.Build.0 = Release|Any CPU
	EndGlobalSection
	GlobalSection(SolutionProperties) = preSolution
		HideSolutionNode = FALSE
	EndGlobalSection
	GlobalSection(ExtensibilityGlobals) = postSolution
		SolutionGuid = {902797D4-7D93-462E-9E94-1D8484291484}
	EndGlobalSection
EndGlobal
